
Microsoft Visual Studio Solution File, Format Version 12.00
# Visual Studio 2012
Project("{FAE04EC0-301F-11D3-BF4B-00C04F79EFBC}") = "MKEmulator", "MKEmulator\MKEmulator.csproj", "{2C1F10F2-167A-4D83-9C13-9B7956061129}"
EndProject
Global
	GlobalSection(SolutionConfigurationPlatforms) = preSolution
		Debug|Any CPU = Debug|Any CPU
		Release|Any CPU = Release|Any CPU
	EndGlobalSection
	GlobalSection(ProjectConfigurationPlatforms) = postSolution
		{2C1F10F2-167A-4D83-9C13-9B7956061129}.Debug|Any CPU.ActiveCfg = Debug|Any CPU
		{2C1F10F2-167A-4D83-9C13-9B7956061129}.Debug|Any CPU.Build.0 = Debug|Any CPU
		{2C1F10F2-167A-4D83-9C13-9B7956061129}.Release|Any CPU.ActiveCfg = Release|Any CPU
		{2C1F10F2-167A-4D83-9C13-9B7956061129}.Release|Any CPU.Build.0 = Release|Any CPU
	EndGlobalSection
	GlobalSection(SolutionProperties) = preSolution
		HideSolutionNode = FALSE
	EndGlobalSection
EndGlobal
